// !$*UTF8*$!
{
	archiveVersion = 1;
	classes = {
	};
	objectVersion = 50;
	objects = {

/* Begin PBXBuildFile section */
		84E406D023DF19D200C986A2 /* AppDelegate.swift in Sources */ = {isa = PBXBuildFile; fileRef = 84E406CF23DF19D200C986A2 /* AppDelegate.swift */; };
		84E406D223DF19D200C986A2 /* SceneDelegate.swift in Sources */ = {isa = PBXBuildFile; fileRef = 84E406D123DF19D200C986A2 /* SceneDelegate.swift */; };
		84E406D423DF19D200C986A2 /* ViewController.swift in Sources */ = {isa = PBXBuildFile; fileRef = 84E406D323DF19D200C986A2 /* ViewController.swift */; };
		84E406D723DF19D200C986A2 /* Main.storyboard in Resources */ = {isa = PBXBuildFile; fileRef = 84E406D523DF19D200C986A2 /* Main.storyboard */; };
		84E406D923DF19D400C986A2 /* Assets.xcassets in Resources */ = {isa = PBXBuildFile; fileRef = 84E406D823DF19D400C986A2 /* Assets.xcassets */; };
		84E406DC23DF19D400C986A2 /* LaunchScreen.storyboard in Resources */ = {isa = PBXBuildFile; fileRef = 84E406DA23DF19D400C986A2 /* LaunchScreen.storyboard */; };
		84E406E423DF1BB600C986A2 /* SecondViewController.swift in Sources */ = {isa = PBXBuildFile; fileRef = 84E406E323DF1BB600C986A2 /* SecondViewController.swift */; };
		84FFB0C223E28A9E000FE0B8 /* SingleTon.swift in Sources */ = {isa = PBXBuildFile; fileRef = 84FFB0C123E28A9E000FE0B8 /* SingleTon.swift */; };
/* End PBXBuildFile section */

/* Begin PBXFileReference section */
		84E406CC23DF19D200C986A2 /* PassDataSingleTon.app */ = {isa = PBXFileReference; explicitFileType = wrapper.application; includeInIndex = 0; path = PassDataSingleTon.app; sourceTree = BUILT_PRODUCTS_DIR; };
		84E406CF23DF19D200C986A2 /* AppDelegate.swift */ = {isa = PBXFileReference; lastKnownFileType = sourcecode.swift; path = AppDelegate.swift; sourceTree = "<group>"; };
		84E406D123DF19D200C986A2 /* SceneDelegate.swift */ = {isa = PBXFileReference; lastKnownFileType = sourcecode.swift; path = SceneDelegate.swift; sourceTree = "<group>"; };
		84E406D323DF19D200C986A2 /* ViewController.swift */ = {isa = PBXFileReference; lastKnownFileType = sourcecode.swift; path = ViewController.swift; sourceTree = "<group>"; };
		84E406D623DF19D200C986A2 /* Base */ = {isa = PBXFileReference; lastKnownFileType = file.storyboard; name = Base; path = Base.lproj/Main.storyboard; sourceTree = "<group>"; };
		84E406D823DF19D400C986A2 /* Assets.xcassets */ = {isa = PBXFileReference; lastKnownFileType = folder.assetcatalog; path = Assets.xcassets; sourceTree = "<group>"; };
		84E406DB23DF19D400C986A2 /* Base */ = {isa = PBXFileReference; lastKnownFileType = file.storyboard; name = Base; path = Base.lproj/LaunchScreen.storyboard; sourceTree = "<group>"; };
		84E406DD23DF19D400C986A2 /* Info.plist */ = {isa = PBXFileReference; lastKnownFileType = text.plist.xml; path = Info.plist; sourceTree = "<group>"; };
		84E406E323DF1BB600C986A2 /* SecondViewController.swift */ = {isa = PBXFileReference; lastKnownFileType = sourcecode.swift; path = SecondViewController.swift; sourceTree = "<group>"; };
		84FFB0C123E28A9E000FE0B8 /* SingleTon.swift */ = {isa = PBXFileReference; lastKnownFileType = sourcecode.swift; path = SingleTon.swift; sourceTree = "<group>"; };
/* End PBXFileReference section */

/* Begin PBXFrameworksBuildPhase section */
		84E406C923DF19D200C986A2 /* Frameworks */ = {
			isa = PBXFrameworksBuildPhase;
			buildActionMask = 2147483647;
			files = (
			);
			runOnlyForDeploymentPostprocessing = 0;
		};
/* End PBXFrameworksBuildPhase section */

/* Begin PBXGroup section */
		84E406C323DF19D200C986A2 = {
			isa = PBXGroup;
			children = (
				84E406CE23DF19D200C986A2 /* PassDataSingleTon */,
				84E406CD23DF19D200C986A2 /* Products */,
			);
			sourceTree = "<group>";
		};
		84E406CD23DF19D200C986A2 /* Products */ = {
			isa = PBXGroup;
			children = (
				84E406CC23DF19D200C986A2 /* PassDataSingleTon.app */,
			);
			name = Products;
			sourceTree = "<group>";
		};
		84E406CE23DF19D200C986A2 /* PassDataSingleTon */ = {
			isa = PBXGroup;
			children = (
				84E406CF23DF19D200C986A2 /* AppDelegate.swift */,
				84E406D123DF19D200C986A2 /* SceneDelegate.swift */,
				84E406D323DF19D200C986A2 /* ViewController.swift */,
				84E406E323DF1BB600C986A2 /* SecondViewController.swift */,
				84FFB0C123E28A9E000FE0B8 /* SingleTon.swift */,
				84E406DD23DF19D400C986A2 /* Info.plist */,
				84E406D523DF19D200C986A2 /* Main.storyboard */,
				84E406D823DF19D400C986A2 /* Assets.xcassets */,
				84E406DA23DF19D400C986A2 /* LaunchScreen.storyboard */,
			);
			path = PassDataSingleTon;
			sourceTree = "<group>";
		};
/* End PBXGroup section */

/* Begin PBXNativeTarget section */
		84E406CB23DF19D200C986A2 /* PassDataSingleTon */ = {
			isa = PBXNativeTarget;
			buildConfigurationList = 84E406E023DF19D400C986A2 /* Build configuration list for PBXNativeTarget "PassDataSingleTon" */;
			buildPhases = (
				84E406C823DF19D200C986A2 /* Sources */,
				84E406C923DF19D200C986A2 /* Frameworks */,
				84E406CA23DF19D200C986A2 /* Resources */,
			);
			buildRules = (
			);
			dependencies = (
			);
			name = PassDataSingleTon;
			productName = PassDataSingleTon;
			productReference = 84E406CC23DF19D200C986A2 /* PassDataSingleTon.app */;
			productType = "com.apple.product-type.application";
		};
/* End PBXNativeTarget section */

/* Begin PBXProject section */
		84E406C423DF19D200C986A2 /* Project object */ = {
			isa = PBXProject;
			attributes = {
				LastSwiftUpdateCheck = 1100;
				LastUpgradeCheck = 1100;
				ORGANIZATIONNAME = Long;
				TargetAttributes = {
					84E406CB23DF19D200C986A2 = {
						CreatedOnToolsVersion = 11.0;
					};
				};
			};
			buildConfigurationList = 84E406C723DF19D200C986A2 /* Build configuration list for PBXProject "PassDataSingleTon" */;
			compatibilityVersion = "Xcode 9.3";
			developmentRegion = en;
			hasScannedForEncodings = 0;
			knownRegions = (
				en,
				Base,
			);
			mainGroup = 84E406C323DF19D200C986A2;
			productRefGroup = 84E406CD23DF19D200C986A2 /* Products */;
			projectDirPath = "";
			projectRoot = "";
			targets = (
				84E406CB23DF19D200C986A2 /* PassDataSingleTon */,
			);
		};
/* End PBXProject section */

/* Begin PBXResourcesBuildPhase section */
		84E406CA23DF19D200C986A2 /* Resources */ = {
			isa = PBXResourcesBuildPhase;
			buildActionMask = 2147483647;
			files = (
				84E406DC23DF19D400C986A2 /* LaunchScreen.storyboard in Resources */,
				84E406D923DF19D400C986A2 /* Assets.xcassets in Resources */,
				84E406D723DF19D200C986A2 /* Main.storyboard in Resources */,
			);
			runOnlyForDeploymentPostprocessing = 0;
		};
/* End PBXResourcesBuildPhase section */

/* Begin PBXSourcesBuildPhase section */
		84E406C823DF19D200C986A2 /* Sources */ = {
			isa = PBXSourcesBuildPhase;
			buildActionMask = 2147483647;
			files = (
				84E406E423DF1BB600C986A2 /* SecondViewController.swift in Sources */,
				84E406D423DF19D200C986A2 /* ViewController.swift in Sources */,
				84E406D023DF19D200C986A2 /* AppDelegate.swift in Sources */,
				84FFB0C223E28A9E000FE0B8 /* SingleTon.swift in Sources */,
				84E406D223DF19D200C986A2 /* SceneDelegate.swift in Sources */,
			);
			runOnlyForDeploymentPostprocessing = 0;
		};
/* End PBXSourcesBuildPhase section */

/* Begin PBXVariantGroup section */
		84E406D523DF19D200C986A2 /* Main.storyboard */ = {
			isa = PBXVariantGroup;
			children = (
				84E406D623DF19D200C986A2 /* Base */,
			);
			name = Main.storyboard;
			sourceTree = "<group>";
		};
		84E406DA23DF19D400C986A2 /* LaunchScreen.storyboard */ = {
			isa = PBXVariantGroup;
			children = (
				84E406DB23DF19D400C986A2 /* Base */,
			);
			name = LaunchScreen.storyboard;
			sourceTree = "<group>";
		};
/* End PBXVariantGroup section */

/* Begin XCBuildConfiguration section */
		84E406DE23DF19D400C986A2 /* Debug */ = {
			isa = XCBuildConfiguration;
			buildSettings = {
				ALWAYS_SEARCH_USER_PATHS = NO;
				CLANG_ANALYZER_NONNULL = YES;
				CLANG_ANALYZER_NUMBER_OBJECT_CONVERSION = YES_AGGRESSIVE;
				CLANG_CXX_LANGUAGE_STANDARD = "gnu++14";
				CLANG_CXX_LIBRARY = "libc++";
				CLANG_ENABLE_MODULES = YES;
				CLANG_ENABLE_OBJC_ARC = YES;
				CLANG_ENABLE_OBJC_WEAK = YES;
				CLANG_WARN_BLOCK_CAPTURE_AUTORELEASING = YES;
				CLANG_WARN_BOOL_CONVERSION = YES;
				CLANG_WARN_COMMA = YES;
				CLANG_WARN_CONSTANT_CONVERSION = YES;
				CLANG_WARN_DEPRECATED_OBJC_IMPLEMENTATIONS = YES;
				CLANG_WARN_DIRECT_OBJC_ISA_USAGE = YES_ERROR;
				CLANG_WARN_DOCUMENTATION_COMMENTS = YES;
				CLANG_WARN_EMPTY_BODY = YES;
				CLANG_WARN_ENUM_CONVERSION = YES;
				CLANG_WARN_INFINITE_RECURSION = YES;
				CLANG_WARN_INT_CONVERSION = YES;
				CLANG_WARN_NON_LITERAL_NULL_CONVERSION = YES;
				CLANG_WARN_OBJC_IMPLICIT_RETAIN_SELF = YES;
				CLANG_WARN_OBJC_LITERAL_CONVERSION = YES;
				CLANG_WARN_OBJC_ROOT_CLASS = YES_ERROR;
				CLANG_WARN_RANGE_LOOP_ANALYSIS = YES;
				CLANG_WARN_STRICT_PROTOTYPES = YES;
				CLANG_WARN_SUSPICIOUS_MOVE = YES;
				CLANG_WARN_UNGUARDED_AVAILABILITY = YES_AGGRESSIVE;
				CLANG_WARN_UNREACHABLE_CODE = YES;
				CLANG_WARN__DUPLICATE_METHOD_MATCH = YES;
				COPY_PHASE_STRIP = NO;
				DEBUG_INFORMATION_FORMAT = dwarf;
				ENABLE_STRICT_OBJC_MSGSEND = YES;
				ENABLE_TESTABILITY = YES;
				GCC_C_LANGUAGE_STANDARD = gnu11;
				GCC_DYNAMIC_NO_PIC = NO;
				GCC_NO_COMMON_BLOCKS = YES;
				GCC_OPTIMIZATION_LEVEL = 0;
				GCC_PREPROCESSOR_DEFINITIONS = (
					"DEBUG=1",
					"$(inherited)",
				);
				GCC_WARN_64_TO_32_BIT_CONVERSION = YES;
				GCC_WARN_ABOUT_RETURN_TYPE = YES_ERROR;
				GCC_WARN_UNDECLARED_SELECTOR = YES;
				GCC_WARN_UNINITIALIZED_AUTOS = YES_AGGRESSIVE;
				GCC_WARN_UNUSED_FUNCTION = YES;
				GCC_WARN_UNUSED_VARIABLE = YES;
				IPHONEOS_DEPLOYMENT_TARGET = 13.0;
				MTL_ENABLE_DEBUG_INFO = INCLUDE_SOURCE;
				MTL_FAST_MATH = YES;
				ONLY_ACTIVE_ARCH = YES;
				SDKROOT = iphoneos;
				SWIFT_ACTIVE_COMPILATION_CONDITIONS = DEBUG;
				SWIFT_OPTIMIZATION_LEVEL = "-Onone";
			};
			name = Debug;
		};
		84E406DF23DF19D400C986A2 /* Release */ = {
			isa = XCBuildConfiguration;
			buildSettings = {
				ALWAYS_SEARCH_USER_PATHS = NO;
				CLANG_ANALYZER_NONNULL = YES;
				CLANG_ANALYZER_NUMBER_OBJECT_CONVERSION = YES_AGGRESSIVE;
				CLANG_CXX_LANGUAGE_STANDARD = "gnu++14";
				CLANG_CXX_LIBRARY = "libc++";
				CLANG_ENABLE_MODULES = YES;
				CLANG_ENABLE_OBJC_ARC = YES;
				CLANG_ENABLE_OBJC_WEAK = YES;
				CLANG_WARN_BLOCK_CAPTURE_AUTORELEASING = YES;
				CLANG_WARN_BOOL_CONVERSION = YES;
				CLANG_WARN_COMMA = YES;
				CLANG_WARN_CONSTANT_CONVERSION = YES;
				CLANG_WARN_DEPRECATED_OBJC_IMPLEMENTATIONS = YES;
				CLANG_WARN_DIRECT_OBJC_ISA_USAGE = YES_ERROR;
				CLANG_WARN_DOCUMENTATION_COMMENTS = YES;
				CLANG_WARN_EMPTY_BODY = YES;
				CLANG_WARN_ENUM_CONVERSION = YES;
				CLANG_WARN_INFINITE_RECURSION = YES;
				CLANG_WARN_INT_CONVERSION = YES;
				CLANG_WARN_NON_LITERAL_NULL_CONVERSION = YES;
				CLANG_WARN_OBJC_IMPLICIT_RETAIN_SELF = YES;
				CLANG_WARN_OBJC_LITERAL_CONVERSION = YES;
				CLANG_WARN_OBJC_ROOT_CLASS = YES_ERROR;
				CLANG_WARN_RANGE_LOOP_ANALYSIS = YES;
				CLANG_WARN_STRICT_PROTOTYPES = YES;
				CLANG_WARN_SUSPICIOUS_MOVE = YES;
				CLANG_WARN_UNGUARDED_AVAILABILITY = YES_AGGRESSIVE;
				CLANG_WARN_UNREACHABLE_CODE = YES;
				CLANG_WARN__DUPLICATE_METHOD_MATCH = YES;
				COPY_PHASE_STRIP = NO;
				DEBUG_INFORMATION_FORMAT = "dwarf-with-dsym";
				ENABLE_NS_ASSERTIONS = NO;
				ENABLE_STRICT_OBJC_MSGSEND = YES;
				GCC_C_LANGUAGE_STANDARD = gnu11;
				GCC_NO_COMMON_BLOCKS = YES;
				GCC_WARN_64_TO_32_BIT_CONVERSION = YES;
				GCC_WARN_ABOUT_RETURN_TYPE = YES_ERROR;
				GCC_WARN_UNDECLARED_SELECTOR = YES;
				GCC_WARN_UNINITIALIZED_AUTOS = YES_AGGRESSIVE;
				GCC_WARN_UNUSED_FUNCTION = YES;
				GCC_WARN_UNUSED_VARIABLE = YES;
				IPHONEOS_DEPLOYMENT_TARGET = 13.0;
				MTL_ENABLE_DEBUG_INFO = NO;
				MTL_FAST_MATH = YES;
				SDKROOT = iphoneos;
				SWIFT_COMPILATION_MODE = wholemodule;
				SWIFT_OPTIMIZATION_LEVEL = "-O";
				VALIDATE_PRODUCT = YES;
			};
			name = Release;
		};
		84E406E123DF19D400C986A2 /* Debug */ = {
			isa = XCBuildConfiguration;
			buildSettings = {
				ASSETCATALOG_COMPILER_APPICON_NAME = AppIcon;
				CODE_SIGN_STYLE = Automatic;
				INFOPLIST_FILE = PassDataSingleTon/Info.plist;
				LD_RUNPATH_SEARCH_PATHS = (
					"$(inherited)",
					"@executable_path/Frameworks",
				);
				PRODUCT_BUNDLE_IDENTIFIER = Long.PassDataSingleTon;
				PRODUCT_NAME = "$(TARGET_NAME)";
				SWIFT_VERSION = 5.0;
				TARGETED_DEVICE_FAMILY = "1,2";
			};
			name = Debug;
		};
		84E406E223DF19D400C986A2 /* Release */ = {
			isa = XCBuildConfiguration;
			buildSettings = {
				ASSETCATALOG_COMPILER_APPICON_NAME = AppIcon;
				CODE_SIGN_STYLE = Automatic;
				INFOPLIST_FILE = PassDataSingleTon/Info.plist;
				LD_RUNPATH_SEARCH_PATHS = (
					"$(inherited)",
					"@executable_path/Frameworks",
				);
				PRODUCT_BUNDLE_IDENTIFIER = Long.PassDataSingleTon;
				PRODUCT_NAME = "$(TARGET_NAME)";
				SWIFT_VERSION = 5.0;
				TARGETED_DEVICE_FAMILY = "1,2";
			};
			name = Release;
		};
/* End XCBuildConfiguration section */

/* Begin XCConfigurationList section */
		84E406C723DF19D200C986A2 /* Build configuration list for PBXProject "PassDataSingleTon" */ = {
			isa = XCConfigurationList;
			buildConfigurations = (
				84E406DE23DF19D400C986A2 /* Debug */,
				84E406DF23DF19D400C986A2 /* Release */,
			);
			defaultConfigurationIsVisible = 0;
			defaultConfigurationName = Release;
		};
		84E406E023DF19D400C986A2 /* Build configuration list for PBXNativeTarget "PassDataSingleTon" */ = {
			isa = XCConfigurationList;
			buildConfigurations = (
				84E406E123DF19D400C986A2 /* Debug */,
				84E406E223DF19D400C986A2 /* Release */,
			);
			defaultConfigurationIsVisible = 0;
			defaultConfigurationName = Release;
		};
/* End XCConfigurationList section */
	};
	rootObject = 84E406C423DF19D200C986A2 /* Project object */;
}
